
Microsoft Visual Studio Solution File, Format Version 12.00
# Visual Studio Version 17
VisualStudioVersion = 17.0.31919.166
MinimumVisualStudioVersion = 10.0.40219.1
Project("{FAE04EC0-301F-11D3-BF4B-00C04F79EFBC}") = "DubnaHackathon", "DubnaHackathon.csproj", "{79B721F2-450A-4743-94DE-AFD59D905EB3}"
EndProject
Global
	GlobalSection(SolutionConfigurationPlatforms) = preSolution
		Debug|Any CPU = Debug|Any CPU
		Release|Any CPU = Release|Any CPU
	EndGlobalSection
	GlobalSection(ProjectConfigurationPlatforms) = postSolution
		{79B721F2-450A-4743-94DE-AFD59D905EB3}.Debug|Any CPU.ActiveCfg = Debug|Any CPU
		{79B721F2-450A-4743-94DE-AFD59D905EB3}.Debug|Any CPU.Build.0 = Debug|Any CPU
		{79B721F2-450A-4743-94DE-AFD59D905EB3}.Release|Any CPU.ActiveCfg = Release|Any CPU
		{79B721F2-450A-4743-94DE-AFD59D905EB3}.Release|Any CPU.Build.0 = Release|Any CPU
	EndGlobalSection
	GlobalSection(SolutionProperties) = preSolution
		HideSolutionNode = FALSE
	EndGlobalSection
	GlobalSection(ExtensibilityGlobals) = postSolution
		SolutionGuid = {6792A956-62E4-448D-BC6A-5E2C7A7ED686}
	EndGlobalSection
EndGlobal
